
Microsoft Visual Studio Solution File, Format Version 12.00
# Visual Studio Version 16
VisualStudioVersion = 16.0.30621.155
MinimumVisualStudioVersion = 10.0.40219.1
Project("{9A19103F-16F7-4668-BE54-9A1E7A4F7556}") = "ASCII графика", "ASCII графика.csproj", "{47CFD7E6-17B3-4418-A046-9F1A6289803E}"
EndProject
Global
	GlobalSection(SolutionConfigurationPlatforms) = preSolution
		Debug|Any CPU = Debug|Any CPU
		Release|Any CPU = Release|Any CPU
	EndGlobalSection
	GlobalSection(ProjectConfigurationPlatforms) = postSolution
		{47CFD7E6-17B3-4418-A046-9F1A6289803E}.Debug|Any CPU.ActiveCfg = Debug|Any CPU
		{47CFD7E6-17B3-4418-A046-9F1A6289803E}.Debug|Any CPU.Build.0 = Debug|Any CPU
		{47CFD7E6-17B3-4418-A046-9F1A6289803E}.Release|Any CPU.ActiveCfg = Release|Any CPU
		{47CFD7E6-17B3-4418-A046-9F1A6289803E}.Release|Any CPU.Build.0 = Release|Any CPU
	EndGlobalSection
	GlobalSection(SolutionProperties) = preSolution
		HideSolutionNode = FALSE
	EndGlobalSection
	GlobalSection(ExtensibilityGlobals) = postSolution
		SolutionGuid = {CE842B80-AA99-4978-8C35-705E051911B6}
	EndGlobalSection
EndGlobal
